PODS:
  - FontAwesomeKit (2.1.8):
    - FontAwesomeKit/Core (= 2.1.8)
    - FontAwesomeKit/FontAwesome (= 2.1.8)
    - FontAwesomeKit/FoundationIcons (= 2.1.8)
    - FontAwesomeKit/IonIcons (= 2.1.8)
    - FontAwesomeKit/Zocial (= 2.1.8)
  - FontAwesomeKit/Core (2.1.8)
  - FontAwesomeKit/FontAwesome (2.1.8):
    - FontAwesomeKit/Core
  - FontAwesomeKit/FoundationIcons (2.1.8):
    - FontAwesomeKit/Core
  - FontAwesomeKit/IonIcons (2.1.8):
    - FontAwesomeKit/Core
  - FontAwesomeKit/Zocial (2.1.8):
    - FontAwesomeKit/Core
  - STHTTPRequest (1.0.2)

DEPENDENCIES:
  - FontAwesomeKit
  - STHTTPRequest

SPEC CHECKSUMS:
  FontAwesomeKit: a2edea3111dab107b4cc43b85881b404eb063385
  STHTTPRequest: 9aee3fd1557dcaa380198a9e56d36527ede342d1

COCOAPODS: 0.35.0
